
Microsoft Visual Studio Solution File, Format Version 12.00
# Visual Studio Version 17
VisualStudioVersion = 17.8.34511.84
MinimumVisualStudioVersion = 10.0.40219.1
Project("{FAE04EC0-301F-11D3-BF4B-00C04F79EFBC}") = "DPWA_GGomez_P2", "DPWA_GGomez_P2.csproj", "{304AB124-706E-4444-86BE-5794CD36FD8E}"
EndProject
Global
	GlobalSection(SolutionConfigurationPlatforms) = preSolution
		Debug|Any CPU = Debug|Any CPU
		Release|Any CPU = Release|Any CPU
	EndGlobalSection
	GlobalSection(ProjectConfigurationPlatforms) = postSolution
		{304AB124-706E-4444-86BE-5794CD36FD8E}.Debug|Any CPU.ActiveCfg = Debug|Any CPU
		{304AB124-706E-4444-86BE-5794CD36FD8E}.Debug|Any CPU.Build.0 = Debug|Any CPU
		{304AB124-706E-4444-86BE-5794CD36FD8E}.Release|Any CPU.ActiveCfg = Release|Any CPU
		{304AB124-706E-4444-86BE-5794CD36FD8E}.Release|Any CPU.Build.0 = Release|Any CPU
	EndGlobalSection
	GlobalSection(SolutionProperties) = preSolution
		HideSolutionNode = FALSE
	EndGlobalSection
	GlobalSection(ExtensibilityGlobals) = postSolution
		SolutionGuid = {4F24B7DC-67C7-4798-96E8-89CE94722506}
	EndGlobalSection
EndGlobal
